
Microsoft Visual Studio Solution File, Format Version 12.00
# Visual Studio Version 17
VisualStudioVersion = 17.3.32901.215
MinimumVisualStudioVersion = 10.0.40219.1
Project("{9A19103F-16F7-4668-BE54-9A1E7A4F7556}") = "RabbitMQDemo", "RabbitMQDemo.csproj", "{BAD44EB7-1B74-4544-906E-F77531695E30}"
EndProject
Project("{FAE04EC0-301F-11D3-BF4B-00C04F79EFBC}") = "RabbitMQDemo.Consumer", "..\RabbitMQDemo.Consumer\RabbitMQDemo.Consumer.csproj", "{4C5977AB-82D9-43BF-8BCC-B1704CC72335}"
EndProject
Project("{FAE04EC0-301F-11D3-BF4B-00C04F79EFBC}") = "RabbitMQDemo.ConsumerApi", "..\RabbitMQDemo.ConsumerApi\RabbitMQDemo.ConsumerApi.csproj", "{12EAE894-132D-411F-A900-C5E0D6A45E2A}"
EndProject
Global
	GlobalSection(SolutionConfigurationPlatforms) = preSolution
		Debug|Any CPU = Debug|Any CPU
		Release|Any CPU = Release|Any CPU
	EndGlobalSection
	GlobalSection(ProjectConfigurationPlatforms) = postSolution
		{BAD44EB7-1B74-4544-906E-F77531695E30}.Debug|Any CPU.ActiveCfg = Debug|Any CPU
		{BAD44EB7-1B74-4544-906E-F77531695E30}.Debug|Any CPU.Build.0 = Debug|Any CPU
		{BAD44EB7-1B74-4544-906E-F77531695E30}.Release|Any CPU.ActiveCfg = Release|Any CPU
		{BAD44EB7-1B74-4544-906E-F77531695E30}.Release|Any CPU.Build.0 = Release|Any CPU
		{4C5977AB-82D9-43BF-8BCC-B1704CC72335}.Debug|Any CPU.ActiveCfg = Debug|Any CPU
		{4C5977AB-82D9-43BF-8BCC-B1704CC72335}.Debug|Any CPU.Build.0 = Debug|Any CPU
		{4C5977AB-82D9-43BF-8BCC-B1704CC72335}.Release|Any CPU.ActiveCfg = Release|Any CPU
		{4C5977AB-82D9-43BF-8BCC-B1704CC72335}.Release|Any CPU.Build.0 = Release|Any CPU
		{12EAE894-132D-411F-A900-C5E0D6A45E2A}.Debug|Any CPU.ActiveCfg = Debug|Any CPU
		{12EAE894-132D-411F-A900-C5E0D6A45E2A}.Debug|Any CPU.Build.0 = Debug|Any CPU
		{12EAE894-132D-411F-A900-C5E0D6A45E2A}.Release|Any CPU.ActiveCfg = Release|Any CPU
		{12EAE894-132D-411F-A900-C5E0D6A45E2A}.Release|Any CPU.Build.0 = Release|Any CPU
	EndGlobalSection
	GlobalSection(SolutionProperties) = preSolution
		HideSolutionNode = FALSE
	EndGlobalSection
	GlobalSection(ExtensibilityGlobals) = postSolution
		SolutionGuid = {E7B13576-B1DE-44B1-9FD8-BAB828D6EB35}
	EndGlobalSection
EndGlobal
